Microsoft Visual Studio Solution File, Format Version 12.00
# Visual Studio Version 17
VisualStudioVersion = 17.5.2.0
MinimumVisualStudioVersion = 10.0.40219.1
Project("{FAE04EC0-301F-11D3-BF4B-00C04F79EFBC}") = "file_cryptography", "file_cryptography.csproj", "{8C489497-98F4-8D22-2FEB-C6FCD2FA59D8}"
EndProject
Global
	GlobalSection(SolutionConfigurationPlatforms) = preSolution
		Debug|Any CPU = Debug|Any CPU
		Release|Any CPU = Release|Any CPU
	EndGlobalSection
	GlobalSection(ProjectConfigurationPlatforms) = postSolution
		{8C489497-98F4-8D22-2FEB-C6FCD2FA59D8}.Debug|Any CPU.ActiveCfg = Debug|Any CPU
		{8C489497-98F4-8D22-2FEB-C6FCD2FA59D8}.Debug|Any CPU.Build.0 = Debug|Any CPU
		{8C489497-98F4-8D22-2FEB-C6FCD2FA59D8}.Release|Any CPU.ActiveCfg = Release|Any CPU
		{8C489497-98F4-8D22-2FEB-C6FCD2FA59D8}.Release|Any CPU.Build.0 = Release|Any CPU
	EndGlobalSection
	GlobalSection(SolutionProperties) = preSolution
		HideSolutionNode = FALSE
	EndGlobalSection
	GlobalSection(ExtensibilityGlobals) = postSolution
		SolutionGuid = {802D2E13-8BFA-496C-9BAE-AF038B0E9F32}
	EndGlobalSection
EndGlobal
